{
  "name": "Ashen Pantheon",
  "lockfileVersion": 3,
  "requires": true,
  "packages": {
    "": {
      "dependencies": {
        "@mindstudio-ai/agent": "^0.1.55"
      }
    },
    "node_modules/@mindstudio-ai/agent": {
      "version": "0.1.55",
      "resolved": "https://registry.npmjs.org/@mindstudio-ai/agent/-/agent-0.1.55.tgz",
      "integrity": "sha512-9ZeI7hyllwbOgJg16mLXCiXr3OCRABMOuCVeMYPgzmVSAsDNYxWYc8yEi5+nSrAcw9rBnyYmW6zCSMIRix+JuA==",
      "hasInstallScript": true,
      "license": "MIT",
      "bin": {
        "mindstudio": "dist/cli.js"
      },
      "engines": {
        "node": ">=18.0.0"
      }
    }
  }
}
